{
  "originHash" : "20eb4b95758295bb15e5755ba91d2d9505bb00103586148f6695c225b8bbfd8b",
  "pins" : [
    {
      "identity" : "confettiswiftui",
      "kind" : "remoteSourceControl",
      "location" : "https://github.com/simibac/ConfettiSwiftUI",
      "state" : {
        "revision" : "79666d42b882bf7921b1941fa7c636d681d77980",
        "version" : "2.0.3"
      }
    }
  ],
  "version" : 3
}
